
Microsoft Visual Studio Solution File, Format Version 12.00
# Visual Studio Version 17
VisualStudioVersion = 17.10.34928.147
MinimumVisualStudioVersion = 10.0.40219.1
Project("{FAE04EC0-301F-11D3-BF4B-00C04F79EFBC}") = "Milestone_1_and_2", "Milestone_1_and_2.csproj", "{B8585A79-160F-4E0D-B2C9-B951ED4E99A1}"
EndProject
Global
	GlobalSection(SolutionConfigurationPlatforms) = preSolution
		Debug|Any CPU = Debug|Any CPU
		Release|Any CPU = Release|Any CPU
	EndGlobalSection
	GlobalSection(ProjectConfigurationPlatforms) = postSolution
		{B8585A79-160F-4E0D-B2C9-B951ED4E99A1}.Debug|Any CPU.ActiveCfg = Debug|Any CPU
		{B8585A79-160F-4E0D-B2C9-B951ED4E99A1}.Debug|Any CPU.Build.0 = Debug|Any CPU
		{B8585A79-160F-4E0D-B2C9-B951ED4E99A1}.Release|Any CPU.ActiveCfg = Release|Any CPU
		{B8585A79-160F-4E0D-B2C9-B951ED4E99A1}.Release|Any CPU.Build.0 = Release|Any CPU
	EndGlobalSection
	GlobalSection(SolutionProperties) = preSolution
		HideSolutionNode = FALSE
	EndGlobalSection
	GlobalSection(ExtensibilityGlobals) = postSolution
		SolutionGuid = {61F3359C-0E1E-4502-AE39-6977CFC8BCEA}
	EndGlobalSection
EndGlobal
