
Microsoft Visual Studio Solution File, Format Version 12.00
# Visual Studio Version 17
VisualStudioVersion = 17.14.36327.8 d17.14
MinimumVisualStudioVersion = 10.0.40219.1
Project("{FAE04EC0-301F-11D3-BF4B-00C04F79EFBC}") = "PRG281", "PRG281.csproj", "{61FAD6AA-C4B1-48BA-9EC3-1ACFE575C00B}"
EndProject
Global
	GlobalSection(SolutionConfigurationPlatforms) = preSolution
		Debug|Any CPU = Debug|Any CPU
		Release|Any CPU = Release|Any CPU
	EndGlobalSection
	GlobalSection(ProjectConfigurationPlatforms) = postSolution
		{61FAD6AA-C4B1-48BA-9EC3-1ACFE575C00B}.Debug|Any CPU.ActiveCfg = Debug|Any CPU
		{61FAD6AA-C4B1-48BA-9EC3-1ACFE575C00B}.Debug|Any CPU.Build.0 = Debug|Any CPU
		{61FAD6AA-C4B1-48BA-9EC3-1ACFE575C00B}.Release|Any CPU.ActiveCfg = Release|Any CPU
		{61FAD6AA-C4B1-48BA-9EC3-1ACFE575C00B}.Release|Any CPU.Build.0 = Release|Any CPU
	EndGlobalSection
	GlobalSection(SolutionProperties) = preSolution
		HideSolutionNode = FALSE
	EndGlobalSection
	GlobalSection(ExtensibilityGlobals) = postSolution
		SolutionGuid = {A70FA229-06EC-4656-92E0-49367307534F}
	EndGlobalSection
EndGlobal
